// !$*UTF8*$!
{
	archiveVersion = 1;
	classes = {
	};
	objectVersion = 50;
	objects = {

/* Begin PBXBuildFile section */
		744A178024B59E5700F519FF /* NOTextInputEditText.framework in Frameworks */ = {isa = PBXBuildFile; fileRef = 744A177F24B59E5700F519FF /* NOTextInputEditText.framework */; };
		744A178124B59E5700F519FF /* NOTextInputEditText.framework in Embed Frameworks */ = {isa = PBXBuildFile; fileRef = 744A177F24B59E5700F519FF /* NOTextInputEditText.framework */; settings = {ATTRIBUTES = (CodeSignOnCopy, RemoveHeadersOnCopy, ); }; };
		7495A6C124B32381009D7CDC /* AppDelegate.swift in Sources */ = {isa = PBXBuildFile; fileRef = 7495A6C024B32381009D7CDC /* AppDelegate.swift */; };
		7495A6C324B32381009D7CDC /* SceneDelegate.swift in Sources */ = {isa = PBXBuildFile; fileRef = 7495A6C224B32381009D7CDC /* SceneDelegate.swift */; };
		7495A6C624B32381009D7CDC /* Sample.xcdatamodeld in Sources */ = {isa = PBXBuildFile; fileRef = 7495A6C424B32381009D7CDC /* Sample.xcdatamodeld */; };
		7495A6C824B32381009D7CDC /* ContentView.swift in Sources */ = {isa = PBXBuildFile; fileRef = 7495A6C724B32381009D7CDC /* ContentView.swift */; };
		7495A6CA24B32384009D7CDC /* Assets.xcassets in Resources */ = {isa = PBXBuildFile; fileRef = 7495A6C924B32384009D7CDC /* Assets.xcassets */; };
		7495A6CD24B32384009D7CDC /* Preview Assets.xcassets in Resources */ = {isa = PBXBuildFile; fileRef = 7495A6CC24B32384009D7CDC /* Preview Assets.xcassets */; };
		7495A6D024B32384009D7CDC /* LaunchScreen.storyboard in Resources */ = {isa = PBXBuildFile; fileRef = 7495A6CE24B32384009D7CDC /* LaunchScreen.storyboard */; };
		7495A6D824B32623009D7CDC /* ViewModel.swift in Sources */ = {isa = PBXBuildFile; fileRef = 7495A6D724B32623009D7CDC /* ViewModel.swift */; };
/* End PBXBuildFile section */

/* Begin PBXCopyFilesBuildPhase section */
		744A178224B59E5700F519FF /* Embed Frameworks */ = {
			isa = PBXCopyFilesBuildPhase;
			buildActionMask = 2147483647;
			dstPath = "";
			dstSubfolderSpec = 10;
			files = (
				744A178124B59E5700F519FF /* NOTextInputEditText.framework in Embed Frameworks */,
			);
			name = "Embed Frameworks";
			runOnlyForDeploymentPostprocessing = 0;
		};
/* End PBXCopyFilesBuildPhase section */

/* Begin PBXFileReference section */
		744A177F24B59E5700F519FF /* NOTextInputEditText.framework */ = {isa = PBXFileReference; lastKnownFileType = wrapper.framework; path = NOTextInputEditText.framework; sourceTree = "<group>"; };
		7495A6BD24B32381009D7CDC /* Sample.app */ = {isa = PBXFileReference; explicitFileType = wrapper.application; includeInIndex = 0; path = Sample.app; sourceTree = BUILT_PRODUCTS_DIR; };
		7495A6C024B32381009D7CDC /* AppDelegate.swift */ = {isa = PBXFileReference; lastKnownFileType = sourcecode.swift; path = AppDelegate.swift; sourceTree = "<group>"; };
		7495A6C224B32381009D7CDC /* SceneDelegate.swift */ = {isa = PBXFileReference; lastKnownFileType = sourcecode.swift; path = SceneDelegate.swift; sourceTree = "<group>"; };
		7495A6C524B32381009D7CDC /* Sample.xcdatamodel */ = {isa = PBXFileReference; lastKnownFileType = wrapper.xcdatamodel; path = Sample.xcdatamodel; sourceTree = "<group>"; };
		7495A6C724B32381009D7CDC /* ContentView.swift */ = {isa = PBXFileReference; lastKnownFileType = sourcecode.swift; path = ContentView.swift; sourceTree = "<group>"; };
		7495A6C924B32384009D7CDC /* Assets.xcassets */ = {isa = PBXFileReference; lastKnownFileType = folder.assetcatalog; path = Assets.xcassets; sourceTree = "<group>"; };
		7495A6CC24B32384009D7CDC /* Preview Assets.xcassets */ = {isa = PBXFileReference; lastKnownFileType = folder.assetcatalog; path = "Preview Assets.xcassets"; sourceTree = "<group>"; };
		7495A6CF24B32384009D7CDC /* Base */ = {isa = PBXFileReference; lastKnownFileType = file.storyboard; name = Base; path = Base.lproj/LaunchScreen.storyboard; sourceTree = "<group>"; };
		7495A6D124B32384009D7CDC /* Info.plist */ = {isa = PBXFileReference; lastKnownFileType = text.plist.xml; path = Info.plist; sourceTree = "<group>"; };
		7495A6D724B32623009D7CDC /* ViewModel.swift */ = {isa = PBXFileReference; lastKnownFileType = sourcecode.swift; path = ViewModel.swift; sourceTree = "<group>"; };
/* End PBXFileReference section */

/* Begin PBXFrameworksBuildPhase section */
		7495A6BA24B32381009D7CDC /* Frameworks */ = {
			isa = PBXFrameworksBuildPhase;
			buildActionMask = 2147483647;
			files = (
				744A178024B59E5700F519FF /* NOTextInputEditText.framework in Frameworks */,
			);
			runOnlyForDeploymentPostprocessing = 0;
		};
/* End PBXFrameworksBuildPhase section */

/* Begin PBXGroup section */
		744A171424B5662D00F519FF /* Frameworks */ = {
			isa = PBXGroup;
			children = (
				744A177F24B59E5700F519FF /* NOTextInputEditText.framework */,
			);
			name = Frameworks;
			sourceTree = "<group>";
		};
		7495A6B424B32381009D7CDC = {
			isa = PBXGroup;
			children = (
				7495A6BF24B32381009D7CDC /* Sample */,
				7495A6BE24B32381009D7CDC /* Products */,
				744A171424B5662D00F519FF /* Frameworks */,
			);
			sourceTree = "<group>";
		};
		7495A6BE24B32381009D7CDC /* Products */ = {
			isa = PBXGroup;
			children = (
				7495A6BD24B32381009D7CDC /* Sample.app */,
			);
			name = Products;
			sourceTree = "<group>";
		};
		7495A6BF24B32381009D7CDC /* Sample */ = {
			isa = PBXGroup;
			children = (
				7495A6C024B32381009D7CDC /* AppDelegate.swift */,
				7495A6C224B32381009D7CDC /* SceneDelegate.swift */,
				7495A6C724B32381009D7CDC /* ContentView.swift */,
				7495A6C924B32384009D7CDC /* Assets.xcassets */,
				7495A6CE24B32384009D7CDC /* LaunchScreen.storyboard */,
				7495A6D124B32384009D7CDC /* Info.plist */,
				7495A6C424B32381009D7CDC /* Sample.xcdatamodeld */,
				7495A6CB24B32384009D7CDC /* Preview Content */,
				7495A6D724B32623009D7CDC /* ViewModel.swift */,
			);
			path = Sample;
			sourceTree = "<group>";
		};
		7495A6CB24B32384009D7CDC /* Preview Content */ = {
			isa = PBXGroup;
			children = (
				7495A6CC24B32384009D7CDC /* Preview Assets.xcassets */,
			);
			path = "Preview Content";
			sourceTree = "<group>";
		};
/* End PBXGroup section */

/* Begin PBXNativeTarget section */
		7495A6BC24B32381009D7CDC /* Sample */ = {
			isa = PBXNativeTarget;
			buildConfigurationList = 7495A6D424B32384009D7CDC /* Build configuration list for PBXNativeTarget "Sample" */;
			buildPhases = (
				7495A6B924B32381009D7CDC /* Sources */,
				7495A6BA24B32381009D7CDC /* Frameworks */,
				7495A6BB24B32381009D7CDC /* Resources */,
				744A178224B59E5700F519FF /* Embed Frameworks */,
			);
			buildRules = (
			);
			dependencies = (
			);
			name = Sample;
			productName = Sample;
			productReference = 7495A6BD24B32381009D7CDC /* Sample.app */;
			productType = "com.apple.product-type.application";
		};
/* End PBXNativeTarget section */

/* Begin PBXProject section */
		7495A6B524B32381009D7CDC /* Project object */ = {
			isa = PBXProject;
			attributes = {
				LastSwiftUpdateCheck = 1150;
				LastUpgradeCheck = 1150;
				ORGANIZATIONNAME = Chainmeans;
				TargetAttributes = {
					7495A6BC24B32381009D7CDC = {
						CreatedOnToolsVersion = 11.5;
					};
				};
			};
			buildConfigurationList = 7495A6B824B32381009D7CDC /* Build configuration list for PBXProject "Sample" */;
			compatibilityVersion = "Xcode 9.3";
			developmentRegion = en;
			hasScannedForEncodings = 0;
			knownRegions = (
				en,
				Base,
			);
			mainGroup = 7495A6B424B32381009D7CDC;
			productRefGroup = 7495A6BE24B32381009D7CDC /* Products */;
			projectDirPath = "";
			projectRoot = "";
			targets = (
				7495A6BC24B32381009D7CDC /* Sample */,
			);
		};
/* End PBXProject section */

/* Begin PBXResourcesBuildPhase section */
		7495A6BB24B32381009D7CDC /* Resources */ = {
			isa = PBXResourcesBuildPhase;
			buildActionMask = 2147483647;
			files = (
				7495A6D024B32384009D7CDC /* LaunchScreen.storyboard in Resources */,
				7495A6CD24B32384009D7CDC /* Preview Assets.xcassets in Resources */,
				7495A6CA24B32384009D7CDC /* Assets.xcassets in Resources */,
			);
			runOnlyForDeploymentPostprocessing = 0;
		};
/* End PBXResourcesBuildPhase section */

/* Begin PBXSourcesBuildPhase section */
		7495A6B924B32381009D7CDC /* Sources */ = {
			isa = PBXSourcesBuildPhase;
			buildActionMask = 2147483647;
			files = (
				7495A6C624B32381009D7CDC /* Sample.xcdatamodeld in Sources */,
				7495A6C124B32381009D7CDC /* AppDelegate.swift in Sources */,
				7495A6C824B32381009D7CDC /* ContentView.swift in Sources */,
				7495A6C324B32381009D7CDC /* SceneDelegate.swift in Sources */,
				7495A6D824B32623009D7CDC /* ViewModel.swift in Sources */,
			);
			runOnlyForDeploymentPostprocessing = 0;
		};
/* End PBXSourcesBuildPhase section */

/* Begin PBXVariantGroup section */
		7495A6CE24B32384009D7CDC /* LaunchScreen.storyboard */ = {
			isa = PBXVariantGroup;
			children = (
				7495A6CF24B32384009D7CDC /* Base */,
			);
			name = LaunchScreen.storyboard;
			sourceTree = "<group>";
		};
/* End PBXVariantGroup section */

/* Begin XCBuildConfiguration section */
		7495A6D224B32384009D7CDC /* Debug */ = {
			isa = XCBuildConfiguration;
			buildSettings = {
				ALWAYS_SEARCH_USER_PATHS = NO;
				CLANG_ANALYZER_NONNULL = YES;
				CLANG_ANALYZER_NUMBER_OBJECT_CONVERSION = YES_AGGRESSIVE;
				CLANG_CXX_LANGUAGE_STANDARD = "gnu++14";
				CLANG_CXX_LIBRARY = "libc++";
				CLANG_ENABLE_MODULES = YES;
				CLANG_ENABLE_OBJC_ARC = YES;
				CLANG_ENABLE_OBJC_WEAK = YES;
				CLANG_WARN_BLOCK_CAPTURE_AUTORELEASING = YES;
				CLANG_WARN_BOOL_CONVERSION = YES;
				CLANG_WARN_COMMA = YES;
				CLANG_WARN_CONSTANT_CONVERSION = YES;
				CLANG_WARN_DEPRECATED_OBJC_IMPLEMENTATIONS = YES;
				CLANG_WARN_DIRECT_OBJC_ISA_USAGE = YES_ERROR;
				CLANG_WARN_DOCUMENTATION_COMMENTS = YES;
				CLANG_WARN_EMPTY_BODY = YES;
				CLANG_WARN_ENUM_CONVERSION = YES;
				CLANG_WARN_INFINITE_RECURSION = YES;
				CLANG_WARN_INT_CONVERSION = YES;
				CLANG_WARN_NON_LITERAL_NULL_CONVERSION = YES;
				CLANG_WARN_OBJC_IMPLICIT_RETAIN_SELF = YES;
				CLANG_WARN_OBJC_LITERAL_CONVERSION = YES;
				CLANG_WARN_OBJC_ROOT_CLASS = YES_ERROR;
				CLANG_WARN_RANGE_LOOP_ANALYSIS = YES;
				CLANG_WARN_STRICT_PROTOTYPES = YES;
				CLANG_WARN_SUSPICIOUS_MOVE = YES;
				CLANG_WARN_UNGUARDED_AVAILABILITY = YES_AGGRESSIVE;
				CLANG_WARN_UNREACHABLE_CODE = YES;
				CLANG_WARN__DUPLICATE_METHOD_MATCH = YES;
				COPY_PHASE_STRIP = NO;
				DEBUG_INFORMATION_FORMAT = dwarf;
				ENABLE_STRICT_OBJC_MSGSEND = YES;
				ENABLE_TESTABILITY = YES;
				GCC_C_LANGUAGE_STANDARD = gnu11;
				GCC_DYNAMIC_NO_PIC = NO;
				GCC_NO_COMMON_BLOCKS = YES;
				GCC_OPTIMIZATION_LEVEL = 0;
				GCC_PREPROCESSOR_DEFINITIONS = (
					"DEBUG=1",
					"$(inherited)",
				);
				GCC_WARN_64_TO_32_BIT_CONVERSION = YES;
				GCC_WARN_ABOUT_RETURN_TYPE = YES_ERROR;
				GCC_WARN_UNDECLARED_SELECTOR = YES;
				GCC_WARN_UNINITIALIZED_AUTOS = YES_AGGRESSIVE;
				GCC_WARN_UNUSED_FUNCTION = YES;
				GCC_WARN_UNUSED_VARIABLE = YES;
				IPHONEOS_DEPLOYMENT_TARGET = 13.5;
				MTL_ENABLE_DEBUG_INFO = INCLUDE_SOURCE;
				MTL_FAST_MATH = YES;
				ONLY_ACTIVE_ARCH = YES;
				SDKROOT = iphoneos;
				SWIFT_ACTIVE_COMPILATION_CONDITIONS = DEBUG;
				SWIFT_OPTIMIZATION_LEVEL = "-Onone";
			};
			name = Debug;
		};
		7495A6D324B32384009D7CDC /* Release */ = {
			isa = XCBuildConfiguration;
			buildSettings = {
				ALWAYS_SEARCH_USER_PATHS = NO;
				CLANG_ANALYZER_NONNULL = YES;
				CLANG_ANALYZER_NUMBER_OBJECT_CONVERSION = YES_AGGRESSIVE;
				CLANG_CXX_LANGUAGE_STANDARD = "gnu++14";
				CLANG_CXX_LIBRARY = "libc++";
				CLANG_ENABLE_MODULES = YES;
				CLANG_ENABLE_OBJC_ARC = YES;
				CLANG_ENABLE_OBJC_WEAK = YES;
				CLANG_WARN_BLOCK_CAPTURE_AUTORELEASING = YES;
				CLANG_WARN_BOOL_CONVERSION = YES;
				CLANG_WARN_COMMA = YES;
				CLANG_WARN_CONSTANT_CONVERSION = YES;
				CLANG_WARN_DEPRECATED_OBJC_IMPLEMENTATIONS = YES;
				CLANG_WARN_DIRECT_OBJC_ISA_USAGE = YES_ERROR;
				CLANG_WARN_DOCUMENTATION_COMMENTS = YES;
				CLANG_WARN_EMPTY_BODY = YES;
				CLANG_WARN_ENUM_CONVERSION = YES;
				CLANG_WARN_INFINITE_RECURSION = YES;
				CLANG_WARN_INT_CONVERSION = YES;
				CLANG_WARN_NON_LITERAL_NULL_CONVERSION = YES;
				CLANG_WARN_OBJC_IMPLICIT_RETAIN_SELF = YES;
				CLANG_WARN_OBJC_LITERAL_CONVERSION = YES;
				CLANG_WARN_OBJC_ROOT_CLASS = YES_ERROR;
				CLANG_WARN_RANGE_LOOP_ANALYSIS = YES;
				CLANG_WARN_STRICT_PROTOTYPES = YES;
				CLANG_WARN_SUSPICIOUS_MOVE = YES;
				CLANG_WARN_UNGUARDED_AVAILABILITY = YES_AGGRESSIVE;
				CLANG_WARN_UNREACHABLE_CODE = YES;
				CLANG_WARN__DUPLICATE_METHOD_MATCH = YES;
				COPY_PHASE_STRIP = NO;
				DEBUG_INFORMATION_FORMAT = "dwarf-with-dsym";
				ENABLE_NS_ASSERTIONS = NO;
				ENABLE_STRICT_OBJC_MSGSEND = YES;
				GCC_C_LANGUAGE_STANDARD = gnu11;
				GCC_NO_COMMON_BLOCKS = YES;
				GCC_WARN_64_TO_32_BIT_CONVERSION = YES;
				GCC_WARN_ABOUT_RETURN_TYPE = YES_ERROR;
				GCC_WARN_UNDECLARED_SELECTOR = YES;
				GCC_WARN_UNINITIALIZED_AUTOS = YES_AGGRESSIVE;
				GCC_WARN_UNUSED_FUNCTION = YES;
				GCC_WARN_UNUSED_VARIABLE = YES;
				IPHONEOS_DEPLOYMENT_TARGET = 13.5;
				MTL_ENABLE_DEBUG_INFO = NO;
				MTL_FAST_MATH = YES;
				SDKROOT = iphoneos;
				SWIFT_COMPILATION_MODE = wholemodule;
				SWIFT_OPTIMIZATION_LEVEL = "-O";
				VALIDATE_PRODUCT = YES;
			};
			name = Release;
		};
		7495A6D524B32384009D7CDC /* Debug */ = {
			isa = XCBuildConfiguration;
			buildSettings = {
				ASSETCATALOG_COMPILER_APPICON_NAME = AppIcon;
				CODE_SIGN_STYLE = Automatic;
				DEVELOPMENT_ASSET_PATHS = "\"Sample/Preview Content\"";
				DEVELOPMENT_TEAM = 9P8K2M27J8;
				ENABLE_PREVIEWS = YES;
				FRAMEWORK_SEARCH_PATHS = (
					"$(inherited)",
					"$(PROJECT_DIR)",
				);
				INFOPLIST_FILE = Sample/Info.plist;
				LD_RUNPATH_SEARCH_PATHS = (
					"$(inherited)",
					"@executable_path/Frameworks",
				);
				LIBRARY_SEARCH_PATHS = (
					"$(inherited)",
					"$(PROJECT_DIR)",
				);
				PRODUCT_BUNDLE_IDENTIFIER = com.neetoffice.app.swiftui.Sample;
				PRODUCT_NAME = "$(TARGET_NAME)";
				SWIFT_VERSION = 5.0;
				TARGETED_DEVICE_FAMILY = "1,2";
			};
			name = Debug;
		};
		7495A6D624B32384009D7CDC /* Release */ = {
			isa = XCBuildConfiguration;
			buildSettings = {
				ASSETCATALOG_COMPILER_APPICON_NAME = AppIcon;
				CODE_SIGN_STYLE = Automatic;
				DEVELOPMENT_ASSET_PATHS = "\"Sample/Preview Content\"";
				DEVELOPMENT_TEAM = 9P8K2M27J8;
				ENABLE_PREVIEWS = YES;
				FRAMEWORK_SEARCH_PATHS = (
					"$(inherited)",
					"$(PROJECT_DIR)",
				);
				INFOPLIST_FILE = Sample/Info.plist;
				LD_RUNPATH_SEARCH_PATHS = (
					"$(inherited)",
					"@executable_path/Frameworks",
				);
				LIBRARY_SEARCH_PATHS = (
					"$(inherited)",
					"$(PROJECT_DIR)",
				);
				PRODUCT_BUNDLE_IDENTIFIER = com.neetoffice.app.swiftui.Sample;
				PRODUCT_NAME = "$(TARGET_NAME)";
				SWIFT_VERSION = 5.0;
				TARGETED_DEVICE_FAMILY = "1,2";
			};
			name = Release;
		};
/* End XCBuildConfiguration section */

/* Begin XCConfigurationList section */
		7495A6B824B32381009D7CDC /* Build configuration list for PBXProject "Sample" */ = {
			isa = XCConfigurationList;
			buildConfigurations = (
				7495A6D224B32384009D7CDC /* Debug */,
				7495A6D324B32384009D7CDC /* Release */,
			);
			defaultConfigurationIsVisible = 0;
			defaultConfigurationName = Release;
		};
		7495A6D424B32384009D7CDC /* Build configuration list for PBXNativeTarget "Sample" */ = {
			isa = XCConfigurationList;
			buildConfigurations = (
				7495A6D524B32384009D7CDC /* Debug */,
				7495A6D624B32384009D7CDC /* Release */,
			);
			defaultConfigurationIsVisible = 0;
			defaultConfigurationName = Release;
		};
/* End XCConfigurationList section */

/* Begin XCVersionGroup section */
		7495A6C424B32381009D7CDC /* Sample.xcdatamodeld */ = {
			isa = XCVersionGroup;
			children = (
				7495A6C524B32381009D7CDC /* Sample.xcdatamodel */,
			);
			currentVersion = 7495A6C524B32381009D7CDC /* Sample.xcdatamodel */;
			path = Sample.xcdatamodeld;
			sourceTree = "<group>";
			versionGroupType = wrapper.xcdatamodel;
		};
/* End XCVersionGroup section */
	};
	rootObject = 7495A6B524B32381009D7CDC /* Project object */;
}
